
Microsoft Visual Studio Solution File, Format Version 12.00
# Visual Studio Version 17
VisualStudioVersion = 17.9.34728.123
MinimumVisualStudioVersion = 10.0.40219.1
Project("{FAE04EC0-301F-11D3-BF4B-00C04F79EFBC}") = "Guia6-sobreescritura_y_sobreocultamiento_de_metodos", "Guia6-sobreescritura_y_sobreocultamiento_de_metodos\Guia6-sobreescritura_y_sobreocultamiento_de_metodos.csproj", "{3A0E67F6-A174-4B83-9970-FED613260933}"
EndProject
Global
	GlobalSection(SolutionConfigurationPlatforms) = preSolution
		Debug|Any CPU = Debug|Any CPU
		Release|Any CPU = Release|Any CPU
	EndGlobalSection
	GlobalSection(ProjectConfigurationPlatforms) = postSolution
		{3A0E67F6-A174-4B83-9970-FED613260933}.Debug|Any CPU.ActiveCfg = Debug|Any CPU
		{3A0E67F6-A174-4B83-9970-FED613260933}.Debug|Any CPU.Build.0 = Debug|Any CPU
		{3A0E67F6-A174-4B83-9970-FED613260933}.Release|Any CPU.ActiveCfg = Release|Any CPU
		{3A0E67F6-A174-4B83-9970-FED613260933}.Release|Any CPU.Build.0 = Release|Any CPU
	EndGlobalSection
	GlobalSection(SolutionProperties) = preSolution
		HideSolutionNode = FALSE
	EndGlobalSection
	GlobalSection(ExtensibilityGlobals) = postSolution
		SolutionGuid = {F157F637-18B0-46B6-90DD-683AF46564B6}
	EndGlobalSection
EndGlobal
